
Microsoft Visual Studio Solution File, Format Version 12.00
# Visual Studio Version 16
VisualStudioVersion = 16.0.31911.196
MinimumVisualStudioVersion = 10.0.40219.1
Project("{FAE04EC0-301F-11D3-BF4B-00C04F79EFBC}") = "Address_Book_System", "Address_Book_System\Address_Book_System.csproj", "{B72EC96A-6E9E-4103-80B5-EB87CDFE13CA}"
EndProject
Global
	GlobalSection(SolutionConfigurationPlatforms) = preSolution
		Debug|Any CPU = Debug|Any CPU
		Release|Any CPU = Release|Any CPU
	EndGlobalSection
	GlobalSection(ProjectConfigurationPlatforms) = postSolution
		{B72EC96A-6E9E-4103-80B5-EB87CDFE13CA}.Debug|Any CPU.ActiveCfg = Debug|Any CPU
		{B72EC96A-6E9E-4103-80B5-EB87CDFE13CA}.Debug|Any CPU.Build.0 = Debug|Any CPU
		{B72EC96A-6E9E-4103-80B5-EB87CDFE13CA}.Release|Any CPU.ActiveCfg = Release|Any CPU
		{B72EC96A-6E9E-4103-80B5-EB87CDFE13CA}.Release|Any CPU.Build.0 = Release|Any CPU
	EndGlobalSection
	GlobalSection(SolutionProperties) = preSolution
		HideSolutionNode = FALSE
	EndGlobalSection
	GlobalSection(ExtensibilityGlobals) = postSolution
		SolutionGuid = {3C3E5143-E76E-482E-85BF-2BBBCBC424D0}
	EndGlobalSection
EndGlobal
